
Microsoft Visual Studio Solution File, Format Version 12.00
# Visual Studio Version 17
VisualStudioVersion = 17.13.35931.197 d17.13
MinimumVisualStudioVersion = 10.0.40219.1
Project("{FAE04EC0-301F-11D3-BF4B-00C04F79EFBC}") = "MiningPool", "MiningPool.csproj", "{EBCBAD45-75CF-4684-8C85-5A2D5306700E}"
EndProject
Global
	GlobalSection(SolutionConfigurationPlatforms) = preSolution
		Debug|Any CPU = Debug|Any CPU
		Release|Any CPU = Release|Any CPU
	EndGlobalSection
	GlobalSection(ProjectConfigurationPlatforms) = postSolution
		{EBCBAD45-75CF-4684-8C85-5A2D5306700E}.Debug|Any CPU.ActiveCfg = Debug|x64
		{EBCBAD45-75CF-4684-8C85-5A2D5306700E}.Debug|Any CPU.Build.0 = Debug|x64
		{EBCBAD45-75CF-4684-8C85-5A2D5306700E}.Release|Any CPU.ActiveCfg = Release|Any CPU
		{EBCBAD45-75CF-4684-8C85-5A2D5306700E}.Release|Any CPU.Build.0 = Release|Any CPU
	EndGlobalSection
	GlobalSection(SolutionProperties) = preSolution
		HideSolutionNode = FALSE
	EndGlobalSection
	GlobalSection(ExtensibilityGlobals) = postSolution
		SolutionGuid = {FCCD2B4E-B3A3-4BE9-8857-A768E25D3974}
	EndGlobalSection
EndGlobal
